
Microsoft Visual Studio Solution File, Format Version 12.00
# Visual Studio Version 17
VisualStudioVersion = 17.3.32804.467
MinimumVisualStudioVersion = 10.0.40219.1
Project("{9A19103F-16F7-4668-BE54-9A1E7A4F7556}") = "HW4.1", "HW4.1\HW4.1.csproj", "{A1C810F4-E653-41ED-8644-DEEC4AE248A7}"
EndProject
Project("{FAE04EC0-301F-11D3-BF4B-00C04F79EFBC}") = "HW4.2", "HW4.2\HW4.2.csproj", "{1370B07F-52D2-4319-9121-FC999F8844F5}"
EndProject
Global
	GlobalSection(SolutionConfigurationPlatforms) = preSolution
		Debug|Any CPU = Debug|Any CPU
		Release|Any CPU = Release|Any CPU
	EndGlobalSection
	GlobalSection(ProjectConfigurationPlatforms) = postSolution
		{A1C810F4-E653-41ED-8644-DEEC4AE248A7}.Debug|Any CPU.ActiveCfg = Debug|Any CPU
		{A1C810F4-E653-41ED-8644-DEEC4AE248A7}.Debug|Any CPU.Build.0 = Debug|Any CPU
		{A1C810F4-E653-41ED-8644-DEEC4AE248A7}.Release|Any CPU.ActiveCfg = Release|Any CPU
		{A1C810F4-E653-41ED-8644-DEEC4AE248A7}.Release|Any CPU.Build.0 = Release|Any CPU
		{1370B07F-52D2-4319-9121-FC999F8844F5}.Debug|Any CPU.ActiveCfg = Debug|Any CPU
		{1370B07F-52D2-4319-9121-FC999F8844F5}.Debug|Any CPU.Build.0 = Debug|Any CPU
		{1370B07F-52D2-4319-9121-FC999F8844F5}.Release|Any CPU.ActiveCfg = Release|Any CPU
		{1370B07F-52D2-4319-9121-FC999F8844F5}.Release|Any CPU.Build.0 = Release|Any CPU
	EndGlobalSection
	GlobalSection(SolutionProperties) = preSolution
		HideSolutionNode = FALSE
	EndGlobalSection
	GlobalSection(ExtensibilityGlobals) = postSolution
		SolutionGuid = {917046E9-06E8-4322-9A13-85F96899255F}
	EndGlobalSection
EndGlobal
