
Microsoft Visual Studio Solution File, Format Version 12.00
# Visual Studio Version 17
VisualStudioVersion = 17.3.32804.467
MinimumVisualStudioVersion = 10.0.40219.1
Project("{9A19103F-16F7-4668-BE54-9A1E7A4F7556}") = "HW8", "HW8\HW8.csproj", "{21DA6FFA-74F6-48B8-A005-F7D8CBE655F5}"
EndProject
Project("{9A19103F-16F7-4668-BE54-9A1E7A4F7556}") = "HW10", "HW10\HW10.csproj", "{E7354E7A-2BA4-4001-9460-AE13ADE090EB}"
EndProject
Project("{FAE04EC0-301F-11D3-BF4B-00C04F79EFBC}") = "HW12", "HW12\HW12.csproj", "{23E24ABA-0A8E-4C39-BA09-33FC6F68C3AE}"
EndProject
Global
	GlobalSection(SolutionConfigurationPlatforms) = preSolution
		Debug|Any CPU = Debug|Any CPU
		Release|Any CPU = Release|Any CPU
	EndGlobalSection
	GlobalSection(ProjectConfigurationPlatforms) = postSolution
		{21DA6FFA-74F6-48B8-A005-F7D8CBE655F5}.Debug|Any CPU.ActiveCfg = Debug|Any CPU
		{21DA6FFA-74F6-48B8-A005-F7D8CBE655F5}.Debug|Any CPU.Build.0 = Debug|Any CPU
		{21DA6FFA-74F6-48B8-A005-F7D8CBE655F5}.Release|Any CPU.ActiveCfg = Release|Any CPU
		{21DA6FFA-74F6-48B8-A005-F7D8CBE655F5}.Release|Any CPU.Build.0 = Release|Any CPU
		{E7354E7A-2BA4-4001-9460-AE13ADE090EB}.Debug|Any CPU.ActiveCfg = Debug|Any CPU
		{E7354E7A-2BA4-4001-9460-AE13ADE090EB}.Debug|Any CPU.Build.0 = Debug|Any CPU
		{E7354E7A-2BA4-4001-9460-AE13ADE090EB}.Release|Any CPU.ActiveCfg = Release|Any CPU
		{E7354E7A-2BA4-4001-9460-AE13ADE090EB}.Release|Any CPU.Build.0 = Release|Any CPU
		{23E24ABA-0A8E-4C39-BA09-33FC6F68C3AE}.Debug|Any CPU.ActiveCfg = Debug|Any CPU
		{23E24ABA-0A8E-4C39-BA09-33FC6F68C3AE}.Debug|Any CPU.Build.0 = Debug|Any CPU
		{23E24ABA-0A8E-4C39-BA09-33FC6F68C3AE}.Release|Any CPU.ActiveCfg = Release|Any CPU
		{23E24ABA-0A8E-4C39-BA09-33FC6F68C3AE}.Release|Any CPU.Build.0 = Release|Any CPU
	EndGlobalSection
	GlobalSection(SolutionProperties) = preSolution
		HideSolutionNode = FALSE
	EndGlobalSection
	GlobalSection(ExtensibilityGlobals) = postSolution
		SolutionGuid = {FB6A6E4D-3241-489D-8A68-1A7FCE7851D7}
	EndGlobalSection
EndGlobal
